
Microsoft Visual Studio Solution File, Format Version 12.00
# Visual Studio Version 17
VisualStudioVersion = 17.13.35806.99
MinimumVisualStudioVersion = 10.0.40219.1
Project("{FAE04EC0-301F-11D3-BF4B-00C04F79EFBC}") = "TodoListBlazorWasm", "TodoListBlazorWasm\TodoListBlazorWasm.csproj", "{982C6408-F3F3-47FF-A2AF-DF6FF469977F}"
EndProject
Project("{FAE04EC0-301F-11D3-BF4B-00C04F79EFBC}") = "TodoListBlazor.API", "TodoListBlazor.API\TodoListBlazor.API.csproj", "{10B609D2-5858-4F39-AE69-8C7555F120CB}"
EndProject
Project("{FAE04EC0-301F-11D3-BF4B-00C04F79EFBC}") = "TodoList.Models", "TodoList.Models\TodoList.Models.csproj", "{EA693857-BA48-44BB-B03D-50DE67120730}"
EndProject
Global
	GlobalSection(SolutionConfigurationPlatforms) = preSolution
		Debug|Any CPU = Debug|Any CPU
		Release|Any CPU = Release|Any CPU
	EndGlobalSection
	GlobalSection(ProjectConfigurationPlatforms) = postSolution
		{982C6408-F3F3-47FF-A2AF-DF6FF469977F}.Debug|Any CPU.ActiveCfg = Debug|Any CPU
		{982C6408-F3F3-47FF-A2AF-DF6FF469977F}.Debug|Any CPU.Build.0 = Debug|Any CPU
		{982C6408-F3F3-47FF-A2AF-DF6FF469977F}.Release|Any CPU.ActiveCfg = Release|Any CPU
		{982C6408-F3F3-47FF-A2AF-DF6FF469977F}.Release|Any CPU.Build.0 = Release|Any CPU
		{10B609D2-5858-4F39-AE69-8C7555F120CB}.Debug|Any CPU.ActiveCfg = Debug|Any CPU
		{10B609D2-5858-4F39-AE69-8C7555F120CB}.Debug|Any CPU.Build.0 = Debug|Any CPU
		{10B609D2-5858-4F39-AE69-8C7555F120CB}.Release|Any CPU.ActiveCfg = Release|Any CPU
		{10B609D2-5858-4F39-AE69-8C7555F120CB}.Release|Any CPU.Build.0 = Release|Any CPU
		{EA693857-BA48-44BB-B03D-50DE67120730}.Debug|Any CPU.ActiveCfg = Debug|Any CPU
		{EA693857-BA48-44BB-B03D-50DE67120730}.Debug|Any CPU.Build.0 = Debug|Any CPU
		{EA693857-BA48-44BB-B03D-50DE67120730}.Release|Any CPU.ActiveCfg = Release|Any CPU
		{EA693857-BA48-44BB-B03D-50DE67120730}.Release|Any CPU.Build.0 = Release|Any CPU
	EndGlobalSection
	GlobalSection(SolutionProperties) = preSolution
		HideSolutionNode = FALSE
	EndGlobalSection
	GlobalSection(ExtensibilityGlobals) = postSolution
		SolutionGuid = {6D05538D-BFDF-4A98-A2A0-1CD11FB35469}
	EndGlobalSection
EndGlobal
